
Microsoft Visual Studio Solution File, Format Version 12.00
# Visual Studio Version 17
VisualStudioVersion = 17.10.35013.160
MinimumVisualStudioVersion = 10.0.40219.1
Project("{9A19103F-16F7-4668-BE54-9A1E7A4F7556}") = "HatFApiModels", "HatFApiModels\HatFApiModels.csproj", "{FF2B591C-A88C-4C36-A1EA-869BA0EA959C}"
EndProject
Project("{9A19103F-16F7-4668-BE54-9A1E7A4F7556}") = "HAT_F_api", "HAT_F_api\HAT_F_api.csproj", "{87C4B685-6344-49C0-98E7-5ED730DEB567}"
EndProject
Project("{FAE04EC0-301F-11D3-BF4B-00C04F79EFBC}") = "HatFClient", "HAT_F_client\HatFClient.csproj", "{0CC6ECB7-7F09-45DD-A27F-6A271A8F236A}"
EndProject
Project("{9A19103F-16F7-4668-BE54-9A1E7A4F7556}") = "Dma.DatasourceLoader", "DatasourceLoader\Dma.DatasourceLoader.csproj", "{973AB7D5-2AB6-4135-9249-671656B18BE0}"
EndProject
Global
	GlobalSection(SolutionConfigurationPlatforms) = preSolution
		Debug|Any CPU = Debug|Any CPU
		Release|Any CPU = Release|Any CPU
	EndGlobalSection
	GlobalSection(ProjectConfigurationPlatforms) = postSolution
		{FF2B591C-A88C-4C36-A1EA-869BA0EA959C}.Debug|Any CPU.ActiveCfg = Debug|Any CPU
		{FF2B591C-A88C-4C36-A1EA-869BA0EA959C}.Debug|Any CPU.Build.0 = Debug|Any CPU
		{FF2B591C-A88C-4C36-A1EA-869BA0EA959C}.Release|Any CPU.ActiveCfg = Release|Any CPU
		{FF2B591C-A88C-4C36-A1EA-869BA0EA959C}.Release|Any CPU.Build.0 = Release|Any CPU
		{87C4B685-6344-49C0-98E7-5ED730DEB567}.Debug|Any CPU.ActiveCfg = Debug|Any CPU
		{87C4B685-6344-49C0-98E7-5ED730DEB567}.Debug|Any CPU.Build.0 = Debug|Any CPU
		{87C4B685-6344-49C0-98E7-5ED730DEB567}.Release|Any CPU.ActiveCfg = Release|Any CPU
		{87C4B685-6344-49C0-98E7-5ED730DEB567}.Release|Any CPU.Build.0 = Release|Any CPU
		{0CC6ECB7-7F09-45DD-A27F-6A271A8F236A}.Debug|Any CPU.ActiveCfg = Debug|Any CPU
		{0CC6ECB7-7F09-45DD-A27F-6A271A8F236A}.Debug|Any CPU.Build.0 = Debug|Any CPU
		{0CC6ECB7-7F09-45DD-A27F-6A271A8F236A}.Release|Any CPU.ActiveCfg = Release|Any CPU
		{0CC6ECB7-7F09-45DD-A27F-6A271A8F236A}.Release|Any CPU.Build.0 = Release|Any CPU
		{973AB7D5-2AB6-4135-9249-671656B18BE0}.Debug|Any CPU.ActiveCfg = Debug|Any CPU
		{973AB7D5-2AB6-4135-9249-671656B18BE0}.Debug|Any CPU.Build.0 = Debug|Any CPU
		{973AB7D5-2AB6-4135-9249-671656B18BE0}.Release|Any CPU.ActiveCfg = Release|Any CPU
		{973AB7D5-2AB6-4135-9249-671656B18BE0}.Release|Any CPU.Build.0 = Release|Any CPU
	EndGlobalSection
	GlobalSection(SolutionProperties) = preSolution
		HideSolutionNode = FALSE
	EndGlobalSection
	GlobalSection(ExtensibilityGlobals) = postSolution
		SolutionGuid = {9E2DE627-5BF4-47B4-91B9-305D76DB2C76}
	EndGlobalSection
EndGlobal
